
Microsoft Visual Studio Solution File, Format Version 12.00
# Visual Studio Version 16
VisualStudioVersion = 16.0.30406.217
MinimumVisualStudioVersion = 10.0.40219.1
Project("{FAE04EC0-301F-11D3-BF4B-00C04F79EFBC}") = "4. MotorMerge", "4. MotorMerge\4. MotorMerge.csproj", "{E1C088C6-2A6A-45A9-B08A-26110DBEE98A}"
EndProject
Global
	GlobalSection(SolutionConfigurationPlatforms) = preSolution
		Debug|Any CPU = Debug|Any CPU
		Release|Any CPU = Release|Any CPU
	EndGlobalSection
	GlobalSection(ProjectConfigurationPlatforms) = postSolution
		{E1C088C6-2A6A-45A9-B08A-26110DBEE98A}.Debug|Any CPU.ActiveCfg = Debug|Any CPU
		{E1C088C6-2A6A-45A9-B08A-26110DBEE98A}.Debug|Any CPU.Build.0 = Debug|Any CPU
		{E1C088C6-2A6A-45A9-B08A-26110DBEE98A}.Release|Any CPU.ActiveCfg = Release|Any CPU
		{E1C088C6-2A6A-45A9-B08A-26110DBEE98A}.Release|Any CPU.Build.0 = Release|Any CPU
	EndGlobalSection
	GlobalSection(SolutionProperties) = preSolution
		HideSolutionNode = FALSE
	EndGlobalSection
	GlobalSection(ExtensibilityGlobals) = postSolution
		SolutionGuid = {8F2F92DA-67E8-44A8-9F0C-6012424824A6}
	EndGlobalSection
EndGlobal
